{
  "version": 4,
  "terraform_version": "1.6.4",
  "serial": 4,
  "lineage": "a30515cd-d258-a181-6297-f4783b1d4e6b",
  "outputs": {},
  "resources": [
    {
      "mode": "managed",
      "type": "snowflake_database",
      "name": "database",
      "provider": "provider[\"registry.terraform.io/snowflake-labs/snowflake\"]",
      "instances": [
        {
          "schema_version": 0,
          "attributes": {
            "comment": "",
            "data_retention_time_in_days": 1,
            "from_database": null,
            "from_replica": null,
            "from_share": null,
            "id": "poc1_terraform_db",
            "is_transient": false,
            "name": "poc1_terraform_db",
            "replication_configuration": []
          },
          "sensitive_attributes": [],
          "private": "bnVsbA=="
        }
      ]
    },
    {
      "mode": "managed",
      "type": "snowflake_schema",
      "name": "schema",
      "provider": "provider[\"registry.terraform.io/snowflake-labs/snowflake\"]",
      "instances": [
        {
          "schema_version": 0,
          "attributes": {
            "comment": "",
            "data_retention_days": 1,
            "database": "poc1_terraform_db",
            "id": "poc1_terraform_db|poc1_terraform_schema",
            "is_managed": false,
            "is_transient": false,
            "name": "poc1_terraform_schema",
            "tag": []
          },
          "sensitive_attributes": [],
          "private": "bnVsbA==",
          "dependencies": [
            "snowflake_database.database"
          ]
        }
      ]
    },
    {
      "mode": "managed",
      "type": "snowflake_table",
      "name": "table",
      "provider": "provider[\"registry.terraform.io/snowflake-labs/snowflake\"]",
      "instances": [
        {
          "schema_version": 0,
          "attributes": {
            "change_tracking": false,
            "cluster_by": null,
            "column": [
              {
                "comment": "",
                "default": [],
                "identity": [],
                "masking_policy": "",
                "name": "id2",
                "nullable": true,
                "type": "NUMBER(38,0)"
              },
              {
                "comment": "",
                "default": [],
                "identity": [],
                "masking_policy": "",
                "name": "name2",
                "nullable": true,
                "type": "VARCHAR(16777216)"
              }
            ],
            "comment": "",
            "data_retention_days": null,
            "data_retention_time_in_days": null,
            "database": "poc1_terraform_db",
            "id": "poc1_terraform_db|poc1_terraform_schema|poc1_terraform_table1",
            "name": "poc1_terraform_table1",
            "owner": "ACCOUNTADMIN",
            "primary_key": [],
            "qualified_name": "\"poc1_terraform_db\".\"poc1_terraform_schema\".\"poc1_terraform_table1\"",
            "schema": "poc1_terraform_schema",
            "tag": []
          },
          "sensitive_attributes": [],
          "private": "bnVsbA==",
          "dependencies": [
            "snowflake_database.database",
            "snowflake_schema.schema"
          ]
        }
      ]
    }
  ],
  "check_results": null
}
